{
  "name": "xhtml.js",
  "version": "0.1.1next",
  "lockfileVersion": 1,
  "requires": true,
  "dependencies": {
    "innersvg": {
      "version": "0.1.1",
      "resolved": "https://registry.npmjs.org/innersvg/-/innersvg-0.1.1.tgz",
      "integrity": "sha512-6hJiaFF7iZxH+qg26ABkfE929pj/Zmoy0Apn9J/BtiidcRLnufeE8KcxuC4Y8oNpFDx0fyXKVngwuyaPaESWNg=="
    },
    "luna-library": {
      "version": "2.0.1",
      "resolved": "https://registry.npmjs.org/luna-library/-/luna-library-2.0.1.tgz",
      "integrity": "sha512-fm3amb9NuVtt66qbKvJzj60YsQfDwoiaoP56cXCWamrJhAwpGWVnaVvMLjGv0LldSpkMqWEP03r240Co5eqzXw=="
    },
    "to-node": {
      "version": "0.1.0",
      "resolved": "https://registry.npmjs.org/to-node/-/to-node-0.1.0.tgz",
      "integrity": "sha512-uv8Nbzoo7NYmFGv9v0IWhC+oO/Db+PIClDWjX1Q7LdimrGRn1ffzmMjnDHvJtytd4RIZ+VfkxAkcyaHOZV+6fQ==",
      "requires": {
        "innersvg": "^0.1.0"
      }
    }
  }
}
